// !$*UTF8*$!
{
	archiveVersion = 1;
	classes = {
	};
	objectVersion = 46;
	objects = {

/* Begin PBXBuildFile section */
		2686EF34133E50680055E4A7 /* UIKit.framework in Frameworks */ = {isa = PBXBuildFile; fileRef = 2686EF33133E50680055E4A7 /* UIKit.framework */; };
		2686EF36133E50680055E4A7 /* Foundation.framework in Frameworks */ = {isa = PBXBuildFile; fileRef = 2686EF35133E50680055E4A7 /* Foundation.framework */; };
		2686EF38133E50680055E4A7 /* CoreGraphics.framework in Frameworks */ = {isa = PBXBuildFile; fileRef = 2686EF37133E50680055E4A7 /* CoreGraphics.framework */; };
		2686EF3D133E50680055E4A7 /* InfoPlist.strings in Resources */ = {isa = PBXBuildFile; fileRef = 2686EF3B133E50680055E4A7 /* InfoPlist.strings */; };
		2686EF3F133E50680055E4A7 /* main.m in Sources */ = {isa = PBXBuildFile; fileRef = 2686EF3E133E50680055E4A7 /* main.m */; };
		2686EF42133E50680055E4A7 /* polyAppAppDelegate.m in Sources */ = {isa = PBXBuildFile; fileRef = 2686EF41133E50680055E4A7 /* polyAppAppDelegate.m */; };
		2686EF45133E50680055E4A7 /* MainWindow_iPhone.xib in Resources */ = {isa = PBXBuildFile; fileRef = 2686EF43133E50680055E4A7 /* MainWindow_iPhone.xib */; };
		2686EF4B133E50680055E4A7 /* polyAppAppDelegate_iPhone.m in Sources */ = {isa = PBXBuildFile; fileRef = 2686EF4A133E50680055E4A7 /* polyAppAppDelegate_iPhone.m */; };
		2686EF5E133E50830055E4A7 /* fast_forward.jpg in Resources */ = {isa = PBXBuildFile; fileRef = 2686EF58133E50830055E4A7 /* fast_forward.jpg */; };
		2686EF5F133E50830055E4A7 /* Hexagon.jpg in Resources */ = {isa = PBXBuildFile; fileRef = 2686EF59133E50830055E4A7 /* Hexagon.jpg */; };
		2686EF60133E50830055E4A7 /* index.jpg in Resources */ = {isa = PBXBuildFile; fileRef = 2686EF5A133E50830055E4A7 /* index.jpg */; };
		2686EF61133E50830055E4A7 /* Pentagon.jpg in Resources */ = {isa = PBXBuildFile; fileRef = 2686EF5B133E50830055E4A7 /* Pentagon.jpg */; };
		2686EF62133E50830055E4A7 /* rewind.jpg in Resources */ = {isa = PBXBuildFile; fileRef = 2686EF5C133E50830055E4A7 /* rewind.jpg */; };
		2686EF63133E50830055E4A7 /* square.jpg in Resources */ = {isa = PBXBuildFile; fileRef = 2686EF5D133E50830055E4A7 /* square.jpg */; };
/* End PBXBuildFile section */

/* Begin PBXFileReference section */
		2686EF30133E50680055E4A7 /* polyApp.app */ = {isa = PBXFileReference; explicitFileType = wrapper.application; includeInIndex = 0; path = polyApp.app; sourceTree = BUILT_PRODUCTS_DIR; };
		2686EF33133E50680055E4A7 /* UIKit.framework */ = {isa = PBXFileReference; lastKnownFileType = wrapper.framework; name = UIKit.framework; path = System/Library/Frameworks/UIKit.framework; sourceTree = SDKROOT; };
		2686EF35133E50680055E4A7 /* Foundation.framework */ = {isa = PBXFileReference; lastKnownFileType = wrapper.framework; name = Foundation.framework; path = System/Library/Frameworks/Foundation.framework; sourceTree = SDKROOT; };
		2686EF37133E50680055E4A7 /* CoreGraphics.framework */ = {isa = PBXFileReference; lastKnownFileType = wrapper.framework; name = CoreGraphics.framework; path = System/Library/Frameworks/CoreGraphics.framework; sourceTree = SDKROOT; };
		2686EF39133E50680055E4A7 /* polyApp-Info.plist */ = {isa = PBXFileReference; lastKnownFileType = text.plist.xml; path = "polyApp-Info.plist"; sourceTree = "<group>"; };
		2686EF3A133E50680055E4A7 /* polyApp_Prefix.pch */ = {isa = PBXFileReference; lastKnownFileType = sourcecode.c.h; path = polyApp_Prefix.pch; sourceTree = "<group>"; };
		2686EF3C133E50680055E4A7 /* en */ = {isa = PBXFileReference; lastKnownFileType = text.plist.strings; name = en; path = en.lproj/InfoPlist.strings; sourceTree = "<group>"; };
		2686EF3E133E50680055E4A7 /* main.m */ = {isa = PBXFileReference; lastKnownFileType = sourcecode.c.objc; path = main.m; sourceTree = "<group>"; };
		2686EF40133E50680055E4A7 /* polyAppAppDelegate.h */ = {isa = PBXFileReference; lastKnownFileType = sourcecode.c.h; path = polyAppAppDelegate.h; sourceTree = "<group>"; };
		2686EF41133E50680055E4A7 /* polyAppAppDelegate.m */ = {isa = PBXFileReference; lastKnownFileType = sourcecode.c.objc; path = polyAppAppDelegate.m; sourceTree = "<group>"; };
		2686EF44133E50680055E4A7 /* en */ = {isa = PBXFileReference; lastKnownFileType = file.xib; name = en; path = en.lproj/MainWindow_iPhone.xib; sourceTree = "<group>"; };
		2686EF49133E50680055E4A7 /* polyAppAppDelegate_iPhone.h */ = {isa = PBXFileReference; lastKnownFileType = sourcecode.c.h; path = polyAppAppDelegate_iPhone.h; sourceTree = "<group>"; };
		2686EF4A133E50680055E4A7 /* polyAppAppDelegate_iPhone.m */ = {isa = PBXFileReference; lastKnownFileType = sourcecode.c.objc; path = polyAppAppDelegate_iPhone.m; sourceTree = "<group>"; };
		2686EF58133E50830055E4A7 /* fast_forward.jpg */ = {isa = PBXFileReference; lastKnownFileType = image.jpeg; path = fast_forward.jpg; sourceTree = "<group>"; };
		2686EF59133E50830055E4A7 /* Hexagon.jpg */ = {isa = PBXFileReference; lastKnownFileType = image.jpeg; path = Hexagon.jpg; sourceTree = "<group>"; };
		2686EF5A133E50830055E4A7 /* index.jpg */ = {isa = PBXFileReference; lastKnownFileType = image.jpeg; path = index.jpg; sourceTree = "<group>"; };
		2686EF5B133E50830055E4A7 /* Pentagon.jpg */ = {isa = PBXFileReference; lastKnownFileType = image.jpeg; path = Pentagon.jpg; sourceTree = "<group>"; };
		2686EF5C133E50830055E4A7 /* rewind.jpg */ = {isa = PBXFileReference; lastKnownFileType = image.jpeg; path = rewind.jpg; sourceTree = "<group>"; };
		2686EF5D133E50830055E4A7 /* square.jpg */ = {isa = PBXFileReference; lastKnownFileType = image.jpeg; path = square.jpg; sourceTree = "<group>"; };
/* End PBXFileReference section */

/* Begin PBXFrameworksBuildPhase section */
		2686EF2D133E50680055E4A7 /* Frameworks */ = {
			isa = PBXFrameworksBuildPhase;
			buildActionMask = 2147483647;
			files = (
				2686EF34133E50680055E4A7 /* UIKit.framework in Frameworks */,
				2686EF36133E50680055E4A7 /* Foundation.framework in Frameworks */,
				2686EF38133E50680055E4A7 /* CoreGraphics.framework in Frameworks */,
			);
			runOnlyForDeploymentPostprocessing = 0;
		};
/* End PBXFrameworksBuildPhase section */

/* Begin PBXGroup section */
		2686EF1F133E50680055E4A7 = {
			isa = PBXGroup;
			children = (
				2686EF26133E50680055E4A7 /* iPhone */,
				2686EF28133E50680055E4A7 /* Classes */,
				2686EF29133E50680055E4A7 /* Other Sources */,
				2686EF2A133E50680055E4A7 /* Resources */,
				2686EF2B133E50680055E4A7 /* Frameworks */,
				2686EF31133E50680055E4A7 /* Products */,
			);
			sourceTree = "<group>";
		};
		2686EF26133E50680055E4A7 /* iPhone */ = {
			isa = PBXGroup;
			children = (
				2686EF43133E50680055E4A7 /* MainWindow_iPhone.xib */,
				2686EF49133E50680055E4A7 /* polyAppAppDelegate_iPhone.h */,
				2686EF4A133E50680055E4A7 /* polyAppAppDelegate_iPhone.m */,
			);
			path = iPhone;
			sourceTree = "<group>";
		};
		2686EF28133E50680055E4A7 /* Classes */ = {
			isa = PBXGroup;
			children = (
				2686EF40133E50680055E4A7 /* polyAppAppDelegate.h */,
				2686EF41133E50680055E4A7 /* polyAppAppDelegate.m */,
			);
			path = Classes;
			sourceTree = "<group>";
		};
		2686EF29133E50680055E4A7 /* Other Sources */ = {
			isa = PBXGroup;
			children = (
				2686EF3A133E50680055E4A7 /* polyApp_Prefix.pch */,
				2686EF3E133E50680055E4A7 /* main.m */,
			);
			name = "Other Sources";
			sourceTree = "<group>";
		};
		2686EF2A133E50680055E4A7 /* Resources */ = {
			isa = PBXGroup;
			children = (
				2686EF58133E50830055E4A7 /* fast_forward.jpg */,
				2686EF59133E50830055E4A7 /* Hexagon.jpg */,
				2686EF5A133E50830055E4A7 /* index.jpg */,
				2686EF5B133E50830055E4A7 /* Pentagon.jpg */,
				2686EF5C133E50830055E4A7 /* rewind.jpg */,
				2686EF5D133E50830055E4A7 /* square.jpg */,
				2686EF39133E50680055E4A7 /* polyApp-Info.plist */,
				2686EF3B133E50680055E4A7 /* InfoPlist.strings */,
			);
			name = Resources;
			sourceTree = "<group>";
		};
		2686EF2B133E50680055E4A7 /* Frameworks */ = {
			isa = PBXGroup;
			children = (
				2686EF33133E50680055E4A7 /* UIKit.framework */,
				2686EF35133E50680055E4A7 /* Foundation.framework */,
				2686EF37133E50680055E4A7 /* CoreGraphics.framework */,
			);
			name = Frameworks;
			sourceTree = "<group>";
		};
		2686EF31133E50680055E4A7 /* Products */ = {
			isa = PBXGroup;
			children = (
				2686EF30133E50680055E4A7 /* polyApp.app */,
			);
			name = Products;
			sourceTree = "<group>";
		};
/* End PBXGroup section */

/* Begin PBXNativeTarget section */
		2686EF2F133E50680055E4A7 /* polyApp */ = {
			isa = PBXNativeTarget;
			buildConfigurationList = 2686EF51133E50680055E4A7 /* Build configuration list for PBXNativeTarget "polyApp" */;
			buildPhases = (
				2686EF2C133E50680055E4A7 /* Sources */,
				2686EF2D133E50680055E4A7 /* Frameworks */,
				2686EF2E133E50680055E4A7 /* Resources */,
			);
			buildRules = (
			);
			dependencies = (
			);
			name = polyApp;
			productName = polyApp;
			productReference = 2686EF30133E50680055E4A7 /* polyApp.app */;
			productType = "com.apple.product-type.application";
		};
/* End PBXNativeTarget section */

/* Begin PBXProject section */
		2686EF21133E50680055E4A7 /* Project object */ = {
			isa = PBXProject;
			buildConfigurationList = 2686EF24133E50680055E4A7 /* Build configuration list for PBXProject "polyApp" */;
			compatibilityVersion = "Xcode 3.2";
			developmentRegion = English;
			hasScannedForEncodings = 0;
			knownRegions = (
				en,
			);
			mainGroup = 2686EF1F133E50680055E4A7;
			productRefGroup = 2686EF31133E50680055E4A7 /* Products */;
			projectDirPath = "";
			projectRoot = "";
			targets = (
				2686EF2F133E50680055E4A7 /* polyApp */,
			);
		};
/* End PBXProject section */

/* Begin PBXResourcesBuildPhase section */
		2686EF2E133E50680055E4A7 /* Resources */ = {
			isa = PBXResourcesBuildPhase;
			buildActionMask = 2147483647;
			files = (
				2686EF3D133E50680055E4A7 /* InfoPlist.strings in Resources */,
				2686EF45133E50680055E4A7 /* MainWindow_iPhone.xib in Resources */,
				2686EF5E133E50830055E4A7 /* fast_forward.jpg in Resources */,
				2686EF5F133E50830055E4A7 /* Hexagon.jpg in Resources */,
				2686EF60133E50830055E4A7 /* index.jpg in Resources */,
				2686EF61133E50830055E4A7 /* Pentagon.jpg in Resources */,
				2686EF62133E50830055E4A7 /* rewind.jpg in Resources */,
				2686EF63133E50830055E4A7 /* square.jpg in Resources */,
			);
			runOnlyForDeploymentPostprocessing = 0;
		};
/* End PBXResourcesBuildPhase section */

/* Begin PBXSourcesBuildPhase section */
		2686EF2C133E50680055E4A7 /* Sources */ = {
			isa = PBXSourcesBuildPhase;
			buildActionMask = 2147483647;
			files = (
				2686EF3F133E50680055E4A7 /* main.m in Sources */,
				2686EF42133E50680055E4A7 /* polyAppAppDelegate.m in Sources */,
				2686EF4B133E50680055E4A7 /* polyAppAppDelegate_iPhone.m in Sources */,
			);
			runOnlyForDeploymentPostprocessing = 0;
		};
/* End PBXSourcesBuildPhase section */

/* Begin PBXVariantGroup section */
		2686EF3B133E50680055E4A7 /* InfoPlist.strings */ = {
			isa = PBXVariantGroup;
			children = (
				2686EF3C133E50680055E4A7 /* en */,
			);
			name = InfoPlist.strings;
			sourceTree = "<group>";
		};
		2686EF43133E50680055E4A7 /* MainWindow_iPhone.xib */ = {
			isa = PBXVariantGroup;
			children = (
				2686EF44133E50680055E4A7 /* en */,
			);
			name = MainWindow_iPhone.xib;
			sourceTree = "<group>";
		};
/* End PBXVariantGroup section */

/* Begin XCBuildConfiguration section */
		2686EF4F133E50680055E4A7 /* Debug */ = {
			isa = XCBuildConfiguration;
			buildSettings = {
				ARCHS = "$(ARCHS_STANDARD_32_BIT)";
				"CODE_SIGN_IDENTITY[sdk=iphoneos*]" = "iPhone Developer";
				GCC_C_LANGUAGE_STANDARD = gnu99;
				GCC_OPTIMIZATION_LEVEL = 0;
				GCC_PREPROCESSOR_DEFINITIONS = DEBUG;
				GCC_WARN_ABOUT_RETURN_TYPE = YES;
				GCC_WARN_UNUSED_VARIABLE = YES;
				IPHONEOS_DEPLOYMENT_TARGET = 3.2;
				PREBINDING = NO;
				SDKROOT = iphoneos4.1;
				TARGETED_DEVICE_FAMILY = "1,2";
			};
			name = Debug;
		};
		2686EF50133E50680055E4A7 /* Release */ = {
			isa = XCBuildConfiguration;
			buildSettings = {
				ARCHS = "$(ARCHS_STANDARD_32_BIT)";
				"CODE_SIGN_IDENTITY[sdk=iphoneos*]" = "iPhone Developer";
				GCC_C_LANGUAGE_STANDARD = gnu99;
				GCC_WARN_ABOUT_RETURN_TYPE = YES;
				GCC_WARN_UNUSED_VARIABLE = YES;
				IPHONEOS_DEPLOYMENT_TARGET = 3.2;
				OTHER_CFLAGS = "-DNS_BLOCK_ASSERTIONS=1";
				PREBINDING = NO;
				SDKROOT = iphoneos4.1;
				TARGETED_DEVICE_FAMILY = "1,2";
			};
			name = Release;
		};
		2686EF52133E50680055E4A7 /* Debug */ = {
			isa = XCBuildConfiguration;
			buildSettings = {
				ALWAYS_SEARCH_USER_PATHS = NO;
				COPY_PHASE_STRIP = NO;
				GCC_DYNAMIC_NO_PIC = NO;
				GCC_PRECOMPILE_PREFIX_HEADER = YES;
				GCC_PREFIX_HEADER = polyApp_Prefix.pch;
				INFOPLIST_FILE = "polyApp-Info.plist";
				PRODUCT_NAME = polyApp;
				WRAPPER_EXTENSION = app;
			};
			name = Debug;
		};
		2686EF53133E50680055E4A7 /* Release */ = {
			isa = XCBuildConfiguration;
			buildSettings = {
				ALWAYS_SEARCH_USER_PATHS = NO;
				COPY_PHASE_STRIP = YES;
				GCC_PRECOMPILE_PREFIX_HEADER = YES;
				GCC_PREFIX_HEADER = polyApp_Prefix.pch;
				INFOPLIST_FILE = "polyApp-Info.plist";
				PRODUCT_NAME = polyApp;
				VALIDATE_PRODUCT = YES;
				WRAPPER_EXTENSION = app;
			};
			name = Release;
		};
/* End XCBuildConfiguration section */

/* Begin XCConfigurationList section */
		2686EF24133E50680055E4A7 /* Build configuration list for PBXProject "polyApp" */ = {
			isa = XCConfigurationList;
			buildConfigurations = (
				2686EF4F133E50680055E4A7 /* Debug */,
				2686EF50133E50680055E4A7 /* Release */,
			);
			defaultConfigurationIsVisible = 0;
			defaultConfigurationName = Release;
		};
		2686EF51133E50680055E4A7 /* Build configuration list for PBXNativeTarget "polyApp" */ = {
			isa = XCConfigurationList;
			buildConfigurations = (
				2686EF52133E50680055E4A7 /* Debug */,
				2686EF53133E50680055E4A7 /* Release */,
			);
			defaultConfigurationIsVisible = 0;
			defaultConfigurationName = Release;
		};
/* End XCConfigurationList section */
	};
	rootObject = 2686EF21133E50680055E4A7 /* Project object */;
}
